
Microsoft Visual Studio Solution File, Format Version 12.00
# Visual Studio Version 17
VisualStudioVersion = 17.11.35327.3
MinimumVisualStudioVersion = 10.0.40219.1
Project("{FAE04EC0-301F-11D3-BF4B-00C04F79EFBC}") = "WebBanHangMVC", "WebBanHangMVC\WebBanHangMVC.csproj", "{2F41FDC5-9884-417A-B9C1-6E5518DB53B5}"
EndProject
Global
	GlobalSection(SolutionConfigurationPlatforms) = preSolution
		Debug|Any CPU = Debug|Any CPU
		Release|Any CPU = Release|Any CPU
	EndGlobalSection
	GlobalSection(ProjectConfigurationPlatforms) = postSolution
		{2F41FDC5-9884-417A-B9C1-6E5518DB53B5}.Debug|Any CPU.ActiveCfg = Debug|Any CPU
		{2F41FDC5-9884-417A-B9C1-6E5518DB53B5}.Debug|Any CPU.Build.0 = Debug|Any CPU
		{2F41FDC5-9884-417A-B9C1-6E5518DB53B5}.Release|Any CPU.ActiveCfg = Release|Any CPU
		{2F41FDC5-9884-417A-B9C1-6E5518DB53B5}.Release|Any CPU.Build.0 = Release|Any CPU
	EndGlobalSection
	GlobalSection(SolutionProperties) = preSolution
		HideSolutionNode = FALSE
	EndGlobalSection
	GlobalSection(ExtensibilityGlobals) = postSolution
		SolutionGuid = {2072524A-2102-418D-BBEF-1A3E1FD43605}
	EndGlobalSection
EndGlobal
